
Microsoft Visual Studio Solution File, Format Version 12.00
# Visual Studio Version 16
VisualStudioVersion = 16.0.29418.71
MinimumVisualStudioVersion = 10.0.40219.1
Project("{FAE04EC0-301F-11D3-BF4B-00C04F79EFBC}") = "CSVReader", "Try\CSVReader.csproj", "{83508426-442B-4AF7-A065-25E45D97A343}"
EndProject
Global
	GlobalSection(SolutionConfigurationPlatforms) = preSolution
		Debug|Any CPU = Debug|Any CPU
		Release|Any CPU = Release|Any CPU
	EndGlobalSection
	GlobalSection(ProjectConfigurationPlatforms) = postSolution
		{83508426-442B-4AF7-A065-25E45D97A343}.Debug|Any CPU.ActiveCfg = Debug|Any CPU
		{83508426-442B-4AF7-A065-25E45D97A343}.Debug|Any CPU.Build.0 = Debug|Any CPU
		{83508426-442B-4AF7-A065-25E45D97A343}.Release|Any CPU.ActiveCfg = Release|Any CPU
		{83508426-442B-4AF7-A065-25E45D97A343}.Release|Any CPU.Build.0 = Release|Any CPU
	EndGlobalSection
	GlobalSection(SolutionProperties) = preSolution
		HideSolutionNode = FALSE
	EndGlobalSection
	GlobalSection(ExtensibilityGlobals) = postSolution
		SolutionGuid = {29FB7F2E-74DA-4E11-AFC1-9D54700CCE7D}
	EndGlobalSection
EndGlobal
